// !$*UTF8*$!
{
	archiveVersion = 1;
	classes = {
	};
	objectVersion = 51;
	objects = {

/* Begin PBXBuildFile section */
		884AA5162614801300B97305 /* Righteous-Regular.ttf in Resources */ = {isa = PBXBuildFile; fileRef = 884AA5152614801300B97305 /* Righteous-Regular.ttf */; };
		8861B84D2614716F00AB996B /* HomeViewController.swift in Sources */ = {isa = PBXBuildFile; fileRef = 8861B84C2614716F00AB996B /* HomeViewController.swift */; };
		88645F2226229D3300C9F8FC /* CoursesService.swift in Sources */ = {isa = PBXBuildFile; fileRef = 88645F2126229D3300C9F8FC /* CoursesService.swift */; };
		88645F2526229DD300C9F8FC /* Course.swift in Sources */ = {isa = PBXBuildFile; fileRef = 88645F2426229DD300C9F8FC /* Course.swift */; };
		88645F2C2622E40400C9F8FC /* CourseCollectionViewCell.swift in Sources */ = {isa = PBXBuildFile; fileRef = 88645F2B2622E40400C9F8FC /* CourseCollectionViewCell.swift */; };
		886B1851261AD6650028F034 /* AddCourseViewController.swift in Sources */ = {isa = PBXBuildFile; fileRef = 886B1850261AD6650028F034 /* AddCourseViewController.swift */; };
		88ABE28B261458040058BD0E /* AppDelegate.swift in Sources */ = {isa = PBXBuildFile; fileRef = 88ABE28A261458040058BD0E /* AppDelegate.swift */; };
		88ABE28D261458040058BD0E /* SceneDelegate.swift in Sources */ = {isa = PBXBuildFile; fileRef = 88ABE28C261458040058BD0E /* SceneDelegate.swift */; };
		88ABE28F261458040058BD0E /* CoursesViewController.swift in Sources */ = {isa = PBXBuildFile; fileRef = 88ABE28E261458040058BD0E /* CoursesViewController.swift */; };
		88ABE292261458040058BD0E /* Main.storyboard in Resources */ = {isa = PBXBuildFile; fileRef = 88ABE290261458040058BD0E /* Main.storyboard */; };
		88ABE294261458040058BD0E /* Assets.xcassets in Resources */ = {isa = PBXBuildFile; fileRef = 88ABE293261458040058BD0E /* Assets.xcassets */; };
		88ABE297261458050058BD0E /* LaunchScreen.storyboard in Resources */ = {isa = PBXBuildFile; fileRef = 88ABE295261458050058BD0E /* LaunchScreen.storyboard */; };
		88ABE2A7261459EE0058BD0E /* LoginViewController.swift in Sources */ = {isa = PBXBuildFile; fileRef = 88ABE2A6261459EE0058BD0E /* LoginViewController.swift */; };
		88ABE2AA261459FD0058BD0E /* RegisterViewController.swift in Sources */ = {isa = PBXBuildFile; fileRef = 88ABE2A9261459FD0058BD0E /* RegisterViewController.swift */; };
		88ABE2AD261462030058BD0E /* GoogleService-Info.plist in Resources */ = {isa = PBXBuildFile; fileRef = 88ABE2AC261462030058BD0E /* GoogleService-Info.plist */; };
		F6C178C88BF12D18E44ECE33 /* Pods_VirtualCourses.framework in Frameworks */ = {isa = PBXBuildFile; fileRef = EB931E100089558F373D65F7 /* Pods_VirtualCourses.framework */; };
/* End PBXBuildFile section */

/* Begin PBXFileReference section */
		884AA5152614801300B97305 /* Righteous-Regular.ttf */ = {isa = PBXFileReference; lastKnownFileType = file; path = "Righteous-Regular.ttf"; sourceTree = "<group>"; };
		8861B84C2614716F00AB996B /* HomeViewController.swift */ = {isa = PBXFileReference; lastKnownFileType = sourcecode.swift; path = HomeViewController.swift; sourceTree = "<group>"; };
		88645F2126229D3300C9F8FC /* CoursesService.swift */ = {isa = PBXFileReference; lastKnownFileType = sourcecode.swift; path = CoursesService.swift; sourceTree = "<group>"; };
		88645F2426229DD300C9F8FC /* Course.swift */ = {isa = PBXFileReference; lastKnownFileType = sourcecode.swift; name = Course.swift; path = VirtualCourses/Services/Course.swift; sourceTree = SOURCE_ROOT; };
		88645F2B2622E40400C9F8FC /* CourseCollectionViewCell.swift */ = {isa = PBXFileReference; lastKnownFileType = sourcecode.swift; path = CourseCollectionViewCell.swift; sourceTree = "<group>"; };
		886B1850261AD6650028F034 /* AddCourseViewController.swift */ = {isa = PBXFileReference; lastKnownFileType = sourcecode.swift; path = AddCourseViewController.swift; sourceTree = "<group>"; };
		88ABE287261458040058BD0E /* VirtualCourses.app */ = {isa = PBXFileReference; explicitFileType = wrapper.application; includeInIndex = 0; path = VirtualCourses.app; sourceTree = BUILT_PRODUCTS_DIR; };
		88ABE28A261458040058BD0E /* AppDelegate.swift */ = {isa = PBXFileReference; lastKnownFileType = sourcecode.swift; path = AppDelegate.swift; sourceTree = "<group>"; };
		88ABE28C261458040058BD0E /* SceneDelegate.swift */ = {isa = PBXFileReference; lastKnownFileType = sourcecode.swift; path = SceneDelegate.swift; sourceTree = "<group>"; };
		88ABE28E261458040058BD0E /* CoursesViewController.swift */ = {isa = PBXFileReference; lastKnownFileType = sourcecode.swift; path = CoursesViewController.swift; sourceTree = "<group>"; };
		88ABE291261458040058BD0E /* Base */ = {isa = PBXFileReference; lastKnownFileType = file.storyboard; name = Base; path = Base.lproj/Main.storyboard; sourceTree = "<group>"; };
		88ABE293261458040058BD0E /* Assets.xcassets */ = {isa = PBXFileReference; lastKnownFileType = folder.assetcatalog; path = Assets.xcassets; sourceTree = "<group>"; };
		88ABE296261458050058BD0E /* Base */ = {isa = PBXFileReference; lastKnownFileType = file.storyboard; name = Base; path = Base.lproj/LaunchScreen.storyboard; sourceTree = "<group>"; };
		88ABE298261458050058BD0E /* Info.plist */ = {isa = PBXFileReference; lastKnownFileType = text.plist.xml; path = Info.plist; sourceTree = "<group>"; };
		88ABE2A6261459EE0058BD0E /* LoginViewController.swift */ = {isa = PBXFileReference; lastKnownFileType = sourcecode.swift; path = LoginViewController.swift; sourceTree = "<group>"; };
		88ABE2A9261459FD0058BD0E /* RegisterViewController.swift */ = {isa = PBXFileReference; lastKnownFileType = sourcecode.swift; path = RegisterViewController.swift; sourceTree = "<group>"; };
		88ABE2AC261462030058BD0E /* GoogleService-Info.plist */ = {isa = PBXFileReference; fileEncoding = 4; lastKnownFileType = text.plist.xml; path = "GoogleService-Info.plist"; sourceTree = "<group>"; };
		C5E38D0B86F17F7B6F86C525 /* Pods-VirtualCourses.debug.xcconfig */ = {isa = PBXFileReference; includeInIndex = 1; lastKnownFileType = text.xcconfig; name = "Pods-VirtualCourses.debug.xcconfig"; path = "Target Support Files/Pods-VirtualCourses/Pods-VirtualCourses.debug.xcconfig"; sourceTree = "<group>"; };
		EB931E100089558F373D65F7 /* Pods_VirtualCourses.framework */ = {isa = PBXFileReference; explicitFileType = wrapper.framework; includeInIndex = 0; path = Pods_VirtualCourses.framework; sourceTree = BUILT_PRODUCTS_DIR; };
		F458527BCFCBFF43BBBC3706 /* Pods-VirtualCourses.release.xcconfig */ = {isa = PBXFileReference; includeInIndex = 1; lastKnownFileType = text.xcconfig; name = "Pods-VirtualCourses.release.xcconfig"; path = "Target Support Files/Pods-VirtualCourses/Pods-VirtualCourses.release.xcconfig"; sourceTree = "<group>"; };
/* End PBXFileReference section */

/* Begin PBXFrameworksBuildPhase section */
		88ABE284261458040058BD0E /* Frameworks */ = {
			isa = PBXFrameworksBuildPhase;
			buildActionMask = 2147483647;
			files = (
				F6C178C88BF12D18E44ECE33 /* Pods_VirtualCourses.framework in Frameworks */,
			);
			runOnlyForDeploymentPostprocessing = 0;
		};
/* End PBXFrameworksBuildPhase section */

/* Begin PBXGroup section */
		1375CE0E07F678B1E95ECC69 /* Frameworks */ = {
			isa = PBXGroup;
			children = (
				EB931E100089558F373D65F7 /* Pods_VirtualCourses.framework */,
			);
			name = Frameworks;
			sourceTree = "<group>";
		};
		8861B84F26147C3000AB996B /* Fonts */ = {
			isa = PBXGroup;
			children = (
				884AA5152614801300B97305 /* Righteous-Regular.ttf */,
			);
			path = Fonts;
			sourceTree = "<group>";
		};
		88645F2026229D0900C9F8FC /* Services */ = {
			isa = PBXGroup;
			children = (
				88645F2126229D3300C9F8FC /* CoursesService.swift */,
			);
			path = Services;
			sourceTree = "<group>";
		};
		88ABE27E261458040058BD0E = {
			isa = PBXGroup;
			children = (
				88ABE289261458040058BD0E /* VirtualCourses */,
				88ABE288261458040058BD0E /* Products */,
				B721D38D0445E5FF1DD496FD /* Pods */,
				1375CE0E07F678B1E95ECC69 /* Frameworks */,
			);
			sourceTree = "<group>";
		};
		88ABE288261458040058BD0E /* Products */ = {
			isa = PBXGroup;
			children = (
				88ABE287261458040058BD0E /* VirtualCourses.app */,
			);
			name = Products;
			sourceTree = "<group>";
		};
		88ABE289261458040058BD0E /* VirtualCourses */ = {
			isa = PBXGroup;
			children = (
				88ABE2A32614595F0058BD0E /* Resources */,
				88ABE2A2261459500058BD0E /* Models */,
				88ABE2A1261459440058BD0E /* Views */,
				88ABE2A0261459360058BD0E /* Controllers */,
				88645F2026229D0900C9F8FC /* Services */,
				88ABE298261458050058BD0E /* Info.plist */,
				88ABE2AC261462030058BD0E /* GoogleService-Info.plist */,
			);
			path = VirtualCourses;
			sourceTree = "<group>";
		};
		88ABE2A0261459360058BD0E /* Controllers */ = {
			isa = PBXGroup;
			children = (
				88ABE28E261458040058BD0E /* CoursesViewController.swift */,
				88ABE2A6261459EE0058BD0E /* LoginViewController.swift */,
				88ABE2A9261459FD0058BD0E /* RegisterViewController.swift */,
				8861B84C2614716F00AB996B /* HomeViewController.swift */,
				886B1850261AD6650028F034 /* AddCourseViewController.swift */,
			);
			path = Controllers;
			sourceTree = "<group>";
		};
		88ABE2A1261459440058BD0E /* Views */ = {
			isa = PBXGroup;
			children = (
				88ABE2A42614597C0058BD0E /* Storyboards */,
				88ABE293261458040058BD0E /* Assets.xcassets */,
				88645F2B2622E40400C9F8FC /* CourseCollectionViewCell.swift */,
			);
			path = Views;
			sourceTree = "<group>";
		};
		88ABE2A2261459500058BD0E /* Models */ = {
			isa = PBXGroup;
			children = (
				88645F2426229DD300C9F8FC /* Course.swift */,
			);
			path = Models;
			sourceTree = "<group>";
		};
		88ABE2A32614595F0058BD0E /* Resources */ = {
			isa = PBXGroup;
			children = (
				8861B84F26147C3000AB996B /* Fonts */,
				88ABE28A261458040058BD0E /* AppDelegate.swift */,
				88ABE28C261458040058BD0E /* SceneDelegate.swift */,
			);
			path = Resources;
			sourceTree = "<group>";
		};
		88ABE2A42614597C0058BD0E /* Storyboards */ = {
			isa = PBXGroup;
			children = (
				88ABE290261458040058BD0E /* Main.storyboard */,
				88ABE295261458050058BD0E /* LaunchScreen.storyboard */,
			);
			path = Storyboards;
			sourceTree = "<group>";
		};
		B721D38D0445E5FF1DD496FD /* Pods */ = {
			isa = PBXGroup;
			children = (
				C5E38D0B86F17F7B6F86C525 /* Pods-VirtualCourses.debug.xcconfig */,
				F458527BCFCBFF43BBBC3706 /* Pods-VirtualCourses.release.xcconfig */,
			);
			path = Pods;
			sourceTree = "<group>";
		};
/* End PBXGroup section */

/* Begin PBXNativeTarget section */
		88ABE286261458040058BD0E /* VirtualCourses */ = {
			isa = PBXNativeTarget;
			buildConfigurationList = 88ABE29B261458050058BD0E /* Build configuration list for PBXNativeTarget "VirtualCourses" */;
			buildPhases = (
				16050FA289D47D9EF1B14833 /* [CP] Check Pods Manifest.lock */,
				88ABE283261458040058BD0E /* Sources */,
				88ABE284261458040058BD0E /* Frameworks */,
				88ABE285261458040058BD0E /* Resources */,
				EFAED7B73F0B179ECE24748A /* [CP] Embed Pods Frameworks */,
				8958B43AEC0535A1D16531D0 /* [CP] Copy Pods Resources */,
			);
			buildRules = (
			);
			dependencies = (
			);
			name = VirtualCourses;
			productName = VirtualCourses;
			productReference = 88ABE287261458040058BD0E /* VirtualCourses.app */;
			productType = "com.apple.product-type.application";
		};
/* End PBXNativeTarget section */

/* Begin PBXProject section */
		88ABE27F261458040058BD0E /* Project object */ = {
			isa = PBXProject;
			attributes = {
				LastSwiftUpdateCheck = 1240;
				LastUpgradeCheck = 1240;
				TargetAttributes = {
					88ABE286261458040058BD0E = {
						CreatedOnToolsVersion = 12.4;
					};
				};
			};
			buildConfigurationList = 88ABE282261458040058BD0E /* Build configuration list for PBXProject "VirtualCourses" */;
			compatibilityVersion = "Xcode 9.3";
			developmentRegion = en;
			hasScannedForEncodings = 0;
			knownRegions = (
				en,
				Base,
			);
			mainGroup = 88ABE27E261458040058BD0E;
			productRefGroup = 88ABE288261458040058BD0E /* Products */;
			projectDirPath = "";
			projectRoot = "";
			targets = (
				88ABE286261458040058BD0E /* VirtualCourses */,
			);
		};
/* End PBXProject section */

/* Begin PBXResourcesBuildPhase section */
		88ABE285261458040058BD0E /* Resources */ = {
			isa = PBXResourcesBuildPhase;
			buildActionMask = 2147483647;
			files = (
				88ABE297261458050058BD0E /* LaunchScreen.storyboard in Resources */,
				88ABE2AD261462030058BD0E /* GoogleService-Info.plist in Resources */,
				884AA5162614801300B97305 /* Righteous-Regular.ttf in Resources */,
				88ABE294261458040058BD0E /* Assets.xcassets in Resources */,
				88ABE292261458040058BD0E /* Main.storyboard in Resources */,
			);
			runOnlyForDeploymentPostprocessing = 0;
		};
/* End PBXResourcesBuildPhase section */

/* Begin PBXShellScriptBuildPhase section */
		16050FA289D47D9EF1B14833 /* [CP] Check Pods Manifest.lock */ = {
			isa = PBXShellScriptBuildPhase;
			buildActionMask = 2147483647;
			files = (
			);
			inputFileListPaths = (
			);
			inputPaths = (
				"${PODS_PODFILE_DIR_PATH}/Podfile.lock",
				"${PODS_ROOT}/Manifest.lock",
			);
			name = "[CP] Check Pods Manifest.lock";
			outputFileListPaths = (
			);
			outputPaths = (
				"$(DERIVED_FILE_DIR)/Pods-VirtualCourses-checkManifestLockResult.txt",
			);
			runOnlyForDeploymentPostprocessing = 0;
			shellPath = /bin/sh;
			shellScript = "diff \"${PODS_PODFILE_DIR_PATH}/Podfile.lock\" \"${PODS_ROOT}/Manifest.lock\" > /dev/null\nif [ $? != 0 ] ; then\n    # print error to STDERR\n    echo \"error: The sandbox is not in sync with the Podfile.lock. Run 'pod install' or update your CocoaPods installation.\" >&2\n    exit 1\nfi\n# This output is used by Xcode 'outputs' to avoid re-running this script phase.\necho \"SUCCESS\" > \"${SCRIPT_OUTPUT_FILE_0}\"\n";
			showEnvVarsInLog = 0;
		};
		8958B43AEC0535A1D16531D0 /* [CP] Copy Pods Resources */ = {
			isa = PBXShellScriptBuildPhase;
			buildActionMask = 2147483647;
			files = (
			);
			inputFileListPaths = (
				"${PODS_ROOT}/Target Support Files/Pods-VirtualCourses/Pods-VirtualCourses-resources-${CONFIGURATION}-input-files.xcfilelist",
			);
			name = "[CP] Copy Pods Resources";
			outputFileListPaths = (
				"${PODS_ROOT}/Target Support Files/Pods-VirtualCourses/Pods-VirtualCourses-resources-${CONFIGURATION}-output-files.xcfilelist",
			);
			runOnlyForDeploymentPostprocessing = 0;
			shellPath = /bin/sh;
			shellScript = "\"${PODS_ROOT}/Target Support Files/Pods-VirtualCourses/Pods-VirtualCourses-resources.sh\"\n";
			showEnvVarsInLog = 0;
		};
		EFAED7B73F0B179ECE24748A /* [CP] Embed Pods Frameworks */ = {
			isa = PBXShellScriptBuildPhase;
			buildActionMask = 2147483647;
			files = (
			);
			inputFileListPaths = (
				"${PODS_ROOT}/Target Support Files/Pods-VirtualCourses/Pods-VirtualCourses-frameworks-${CONFIGURATION}-input-files.xcfilelist",
			);
			name = "[CP] Embed Pods Frameworks";
			outputFileListPaths = (
				"${PODS_ROOT}/Target Support Files/Pods-VirtualCourses/Pods-VirtualCourses-frameworks-${CONFIGURATION}-output-files.xcfilelist",
			);
			runOnlyForDeploymentPostprocessing = 0;
			shellPath = /bin/sh;
			shellScript = "\"${PODS_ROOT}/Target Support Files/Pods-VirtualCourses/Pods-VirtualCourses-frameworks.sh\"\n";
			showEnvVarsInLog = 0;
		};
/* End PBXShellScriptBuildPhase section */

/* Begin PBXSourcesBuildPhase section */
		88ABE283261458040058BD0E /* Sources */ = {
			isa = PBXSourcesBuildPhase;
			buildActionMask = 2147483647;
			files = (
				88645F2526229DD300C9F8FC /* Course.swift in Sources */,
				88ABE2A7261459EE0058BD0E /* LoginViewController.swift in Sources */,
				88ABE2AA261459FD0058BD0E /* RegisterViewController.swift in Sources */,
				88645F2C2622E40400C9F8FC /* CourseCollectionViewCell.swift in Sources */,
				88ABE28F261458040058BD0E /* CoursesViewController.swift in Sources */,
				88ABE28B261458040058BD0E /* AppDelegate.swift in Sources */,
				88645F2226229D3300C9F8FC /* CoursesService.swift in Sources */,
				886B1851261AD6650028F034 /* AddCourseViewController.swift in Sources */,
				88ABE28D261458040058BD0E /* SceneDelegate.swift in Sources */,
				8861B84D2614716F00AB996B /* HomeViewController.swift in Sources */,
			);
			runOnlyForDeploymentPostprocessing = 0;
		};
/* End PBXSourcesBuildPhase section */

/* Begin PBXVariantGroup section */
		88ABE290261458040058BD0E /* Main.storyboard */ = {
			isa = PBXVariantGroup;
			children = (
				88ABE291261458040058BD0E /* Base */,
			);
			name = Main.storyboard;
			sourceTree = "<group>";
		};
		88ABE295261458050058BD0E /* LaunchScreen.storyboard */ = {
			isa = PBXVariantGroup;
			children = (
				88ABE296261458050058BD0E /* Base */,
			);
			name = LaunchScreen.storyboard;
			sourceTree = "<group>";
		};
/* End PBXVariantGroup section */

/* Begin XCBuildConfiguration section */
		88ABE299261458050058BD0E /* Debug */ = {
			isa = XCBuildConfiguration;
			buildSettings = {
				ALWAYS_SEARCH_USER_PATHS = NO;
				CLANG_ANALYZER_NONNULL = YES;
				CLANG_ANALYZER_NUMBER_OBJECT_CONVERSION = YES_AGGRESSIVE;
				CLANG_CXX_LANGUAGE_STANDARD = "gnu++14";
				CLANG_CXX_LIBRARY = "libc++";
				CLANG_ENABLE_MODULES = YES;
				CLANG_ENABLE_OBJC_ARC = YES;
				CLANG_ENABLE_OBJC_WEAK = YES;
				CLANG_WARN_BLOCK_CAPTURE_AUTORELEASING = YES;
				CLANG_WARN_BOOL_CONVERSION = YES;
				CLANG_WARN_COMMA = YES;
				CLANG_WARN_CONSTANT_CONVERSION = YES;
				CLANG_WARN_DEPRECATED_OBJC_IMPLEMENTATIONS = YES;
				CLANG_WARN_DIRECT_OBJC_ISA_USAGE = YES_ERROR;
				CLANG_WARN_DOCUMENTATION_COMMENTS = YES;
				CLANG_WARN_EMPTY_BODY = YES;
				CLANG_WARN_ENUM_CONVERSION = YES;
				CLANG_WARN_INFINITE_RECURSION = YES;
				CLANG_WARN_INT_CONVERSION = YES;
				CLANG_WARN_NON_LITERAL_NULL_CONVERSION = YES;
				CLANG_WARN_OBJC_IMPLICIT_RETAIN_SELF = YES;
				CLANG_WARN_OBJC_LITERAL_CONVERSION = YES;
				CLANG_WARN_OBJC_ROOT_CLASS = YES_ERROR;
				CLANG_WARN_QUOTED_INCLUDE_IN_FRAMEWORK_HEADER = YES;
				CLANG_WARN_RANGE_LOOP_ANALYSIS = YES;
				CLANG_WARN_STRICT_PROTOTYPES = YES;
				CLANG_WARN_SUSPICIOUS_MOVE = YES;
				CLANG_WARN_UNGUARDED_AVAILABILITY = YES_AGGRESSIVE;
				CLANG_WARN_UNREACHABLE_CODE = YES;
				CLANG_WARN__DUPLICATE_METHOD_MATCH = YES;
				COPY_PHASE_STRIP = NO;
				DEBUG_INFORMATION_FORMAT = dwarf;
				ENABLE_STRICT_OBJC_MSGSEND = YES;
				ENABLE_TESTABILITY = YES;
				GCC_C_LANGUAGE_STANDARD = gnu11;
				GCC_DYNAMIC_NO_PIC = NO;
				GCC_NO_COMMON_BLOCKS = YES;
				GCC_OPTIMIZATION_LEVEL = 0;
				GCC_PREPROCESSOR_DEFINITIONS = (
					"DEBUG=1",
					"$(inherited)",
				);
				GCC_WARN_64_TO_32_BIT_CONVERSION = YES;
				GCC_WARN_ABOUT_RETURN_TYPE = YES_ERROR;
				GCC_WARN_UNDECLARED_SELECTOR = YES;
				GCC_WARN_UNINITIALIZED_AUTOS = YES_AGGRESSIVE;
				GCC_WARN_UNUSED_FUNCTION = YES;
				GCC_WARN_UNUSED_VARIABLE = YES;
				IPHONEOS_DEPLOYMENT_TARGET = 14.4;
				MTL_ENABLE_DEBUG_INFO = INCLUDE_SOURCE;
				MTL_FAST_MATH = YES;
				ONLY_ACTIVE_ARCH = YES;
				SDKROOT = iphoneos;
				SWIFT_ACTIVE_COMPILATION_CONDITIONS = DEBUG;
				SWIFT_OPTIMIZATION_LEVEL = "-Onone";
			};
			name = Debug;
		};
		88ABE29A261458050058BD0E /* Release */ = {
			isa = XCBuildConfiguration;
			buildSettings = {
				ALWAYS_SEARCH_USER_PATHS = NO;
				CLANG_ANALYZER_NONNULL = YES;
				CLANG_ANALYZER_NUMBER_OBJECT_CONVERSION = YES_AGGRESSIVE;
				CLANG_CXX_LANGUAGE_STANDARD = "gnu++14";
				CLANG_CXX_LIBRARY = "libc++";
				CLANG_ENABLE_MODULES = YES;
				CLANG_ENABLE_OBJC_ARC = YES;
				CLANG_ENABLE_OBJC_WEAK = YES;
				CLANG_WARN_BLOCK_CAPTURE_AUTORELEASING = YES;
				CLANG_WARN_BOOL_CONVERSION = YES;
				CLANG_WARN_COMMA = YES;
				CLANG_WARN_CONSTANT_CONVERSION = YES;
				CLANG_WARN_DEPRECATED_OBJC_IMPLEMENTATIONS = YES;
				CLANG_WARN_DIRECT_OBJC_ISA_USAGE = YES_ERROR;
				CLANG_WARN_DOCUMENTATION_COMMENTS = YES;
				CLANG_WARN_EMPTY_BODY = YES;
				CLANG_WARN_ENUM_CONVERSION = YES;
				CLANG_WARN_INFINITE_RECURSION = YES;
				CLANG_WARN_INT_CONVERSION = YES;
				CLANG_WARN_NON_LITERAL_NULL_CONVERSION = YES;
				CLANG_WARN_OBJC_IMPLICIT_RETAIN_SELF = YES;
				CLANG_WARN_OBJC_LITERAL_CONVERSION = YES;
				CLANG_WARN_OBJC_ROOT_CLASS = YES_ERROR;
				CLANG_WARN_QUOTED_INCLUDE_IN_FRAMEWORK_HEADER = YES;
				CLANG_WARN_RANGE_LOOP_ANALYSIS = YES;
				CLANG_WARN_STRICT_PROTOTYPES = YES;
				CLANG_WARN_SUSPICIOUS_MOVE = YES;
				CLANG_WARN_UNGUARDED_AVAILABILITY = YES_AGGRESSIVE;
				CLANG_WARN_UNREACHABLE_CODE = YES;
				CLANG_WARN__DUPLICATE_METHOD_MATCH = YES;
				COPY_PHASE_STRIP = NO;
				DEBUG_INFORMATION_FORMAT = "dwarf-with-dsym";
				ENABLE_NS_ASSERTIONS = NO;
				ENABLE_STRICT_OBJC_MSGSEND = YES;
				GCC_C_LANGUAGE_STANDARD = gnu11;
				GCC_NO_COMMON_BLOCKS = YES;
				GCC_WARN_64_TO_32_BIT_CONVERSION = YES;
				GCC_WARN_ABOUT_RETURN_TYPE = YES_ERROR;
				GCC_WARN_UNDECLARED_SELECTOR = YES;
				GCC_WARN_UNINITIALIZED_AUTOS = YES_AGGRESSIVE;
				GCC_WARN_UNUSED_FUNCTION = YES;
				GCC_WARN_UNUSED_VARIABLE = YES;
				IPHONEOS_DEPLOYMENT_TARGET = 14.4;
				MTL_ENABLE_DEBUG_INFO = NO;
				MTL_FAST_MATH = YES;
				SDKROOT = iphoneos;
				SWIFT_COMPILATION_MODE = wholemodule;
				SWIFT_OPTIMIZATION_LEVEL = "-O";
				VALIDATE_PRODUCT = YES;
			};
			name = Release;
		};
		88ABE29C261458050058BD0E /* Debug */ = {
			isa = XCBuildConfiguration;
			baseConfigurationReference = C5E38D0B86F17F7B6F86C525 /* Pods-VirtualCourses.debug.xcconfig */;
			buildSettings = {
				ASSETCATALOG_COMPILER_APPICON_NAME = AppIcon;
				ASSETCATALOG_COMPILER_GLOBAL_ACCENT_COLOR_NAME = AccentColor;
				CODE_SIGN_STYLE = Automatic;
				DEVELOPMENT_TEAM = KAMLSRDQ4F;
				INFOPLIST_FILE = VirtualCourses/Info.plist;
				LD_RUNPATH_SEARCH_PATHS = (
					"$(inherited)",
					"@executable_path/Frameworks",
				);
				PRODUCT_BUNDLE_IDENTIFIER = "com.emuf-trained.VirtualCourses";
				PRODUCT_NAME = "$(TARGET_NAME)";
				SWIFT_VERSION = 5.0;
				TARGETED_DEVICE_FAMILY = "1,2";
			};
			name = Debug;
		};
		88ABE29D261458050058BD0E /* Release */ = {
			isa = XCBuildConfiguration;
			baseConfigurationReference = F458527BCFCBFF43BBBC3706 /* Pods-VirtualCourses.release.xcconfig */;
			buildSettings = {
				ASSETCATALOG_COMPILER_APPICON_NAME = AppIcon;
				ASSETCATALOG_COMPILER_GLOBAL_ACCENT_COLOR_NAME = AccentColor;
				CODE_SIGN_STYLE = Automatic;
				DEVELOPMENT_TEAM = KAMLSRDQ4F;
				INFOPLIST_FILE = VirtualCourses/Info.plist;
				LD_RUNPATH_SEARCH_PATHS = (
					"$(inherited)",
					"@executable_path/Frameworks",
				);
				PRODUCT_BUNDLE_IDENTIFIER = "com.emuf-trained.VirtualCourses";
				PRODUCT_NAME = "$(TARGET_NAME)";
				SWIFT_VERSION = 5.0;
				TARGETED_DEVICE_FAMILY = "1,2";
			};
			name = Release;
		};
/* End XCBuildConfiguration section */

/* Begin XCConfigurationList section */
		88ABE282261458040058BD0E /* Build configuration list for PBXProject "VirtualCourses" */ = {
			isa = XCConfigurationList;
			buildConfigurations = (
				88ABE299261458050058BD0E /* Debug */,
				88ABE29A261458050058BD0E /* Release */,
			);
			defaultConfigurationIsVisible = 0;
			defaultConfigurationName = Release;
		};
		88ABE29B261458050058BD0E /* Build configuration list for PBXNativeTarget "VirtualCourses" */ = {
			isa = XCConfigurationList;
			buildConfigurations = (
				88ABE29C261458050058BD0E /* Debug */,
				88ABE29D261458050058BD0E /* Release */,
			);
			defaultConfigurationIsVisible = 0;
			defaultConfigurationName = Release;
		};
/* End XCConfigurationList section */
	};
	rootObject = 88ABE27F261458040058BD0E /* Project object */;
}
